
Microsoft Visual Studio Solution File, Format Version 12.00
# Visual Studio Version 17
VisualStudioVersion = 17.2.32519.379
MinimumVisualStudioVersion = 10.0.40219.1
Project("{9A19103F-16F7-4668-BE54-9A1E7A4F7556}") = "NoteTaking", "NoteTaking\NoteTaking.csproj", "{8CBF8500-6C34-49C3-A7E5-D41309892308}"
EndProject
Project("{9A19103F-16F7-4668-BE54-9A1E7A4F7556}") = "NoteTaking.UnitTests", "NoteTaking.UnitTests\NoteTaking.UnitTests.csproj", "{C9B9187B-CF90-4E30-A16B-FC36509A86B7}"
EndProject
Project("{FAE04EC0-301F-11D3-BF4B-00C04F79EFBC}") = "NoteTakingUI", "NoteTakingUI\NoteTakingUI.csproj", "{E2B82643-BE67-497B-BDE3-F6A8588B80C8}"
EndProject
Global
	GlobalSection(SolutionConfigurationPlatforms) = preSolution
		Debug|Any CPU = Debug|Any CPU
		Release|Any CPU = Release|Any CPU
	EndGlobalSection
	GlobalSection(ProjectConfigurationPlatforms) = postSolution
		{8CBF8500-6C34-49C3-A7E5-D41309892308}.Debug|Any CPU.ActiveCfg = Debug|Any CPU
		{8CBF8500-6C34-49C3-A7E5-D41309892308}.Debug|Any CPU.Build.0 = Debug|Any CPU
		{8CBF8500-6C34-49C3-A7E5-D41309892308}.Release|Any CPU.ActiveCfg = Release|Any CPU
		{8CBF8500-6C34-49C3-A7E5-D41309892308}.Release|Any CPU.Build.0 = Release|Any CPU
		{C9B9187B-CF90-4E30-A16B-FC36509A86B7}.Debug|Any CPU.ActiveCfg = Debug|Any CPU
		{C9B9187B-CF90-4E30-A16B-FC36509A86B7}.Debug|Any CPU.Build.0 = Debug|Any CPU
		{C9B9187B-CF90-4E30-A16B-FC36509A86B7}.Release|Any CPU.ActiveCfg = Release|Any CPU
		{C9B9187B-CF90-4E30-A16B-FC36509A86B7}.Release|Any CPU.Build.0 = Release|Any CPU
		{E2B82643-BE67-497B-BDE3-F6A8588B80C8}.Debug|Any CPU.ActiveCfg = Debug|Any CPU
		{E2B82643-BE67-497B-BDE3-F6A8588B80C8}.Debug|Any CPU.Build.0 = Debug|Any CPU
		{E2B82643-BE67-497B-BDE3-F6A8588B80C8}.Release|Any CPU.ActiveCfg = Release|Any CPU
		{E2B82643-BE67-497B-BDE3-F6A8588B80C8}.Release|Any CPU.Build.0 = Release|Any CPU
	EndGlobalSection
	GlobalSection(SolutionProperties) = preSolution
		HideSolutionNode = FALSE
	EndGlobalSection
	GlobalSection(ExtensibilityGlobals) = postSolution
		SolutionGuid = {F3BC8F3B-7604-4227-ABDD-B11F774E86F8}
	EndGlobalSection
EndGlobal
